
Microsoft Visual Studio Solution File, Format Version 12.00
# Visual Studio 14
VisualStudioVersion = 14.0.25420.1
MinimumVisualStudioVersion = 10.0.40219.1
Project("{FAE04EC0-301F-11D3-BF4B-00C04F79EFBC}") = "TransactionManager", "TransactionManager\TransactionManager.csproj", "{31EB1E82-3726-48DD-A17D-3C68ED91F2DA}"
EndProject
Project("{FAE04EC0-301F-11D3-BF4B-00C04F79EFBC}") = "TransacManager.Core", "TransacManager.Core\TransacManager.Core.csproj", "{D7B8C82A-1630-47F4-9D10-7953A888E164}"
EndProject
Global
	GlobalSection(SolutionConfigurationPlatforms) = preSolution
		Debug|Any CPU = Debug|Any CPU
		Release|Any CPU = Release|Any CPU
	EndGlobalSection
	GlobalSection(ProjectConfigurationPlatforms) = postSolution
		{31EB1E82-3726-48DD-A17D-3C68ED91F2DA}.Debug|Any CPU.ActiveCfg = Debug|Any CPU
		{31EB1E82-3726-48DD-A17D-3C68ED91F2DA}.Debug|Any CPU.Build.0 = Debug|Any CPU
		{31EB1E82-3726-48DD-A17D-3C68ED91F2DA}.Release|Any CPU.ActiveCfg = Release|Any CPU
		{31EB1E82-3726-48DD-A17D-3C68ED91F2DA}.Release|Any CPU.Build.0 = Release|Any CPU
		{D7B8C82A-1630-47F4-9D10-7953A888E164}.Debug|Any CPU.ActiveCfg = Debug|Any CPU
		{D7B8C82A-1630-47F4-9D10-7953A888E164}.Debug|Any CPU.Build.0 = Debug|Any CPU
		{D7B8C82A-1630-47F4-9D10-7953A888E164}.Release|Any CPU.ActiveCfg = Release|Any CPU
		{D7B8C82A-1630-47F4-9D10-7953A888E164}.Release|Any CPU.Build.0 = Release|Any CPU
	EndGlobalSection
	GlobalSection(SolutionProperties) = preSolution
		HideSolutionNode = FALSE
	EndGlobalSection
EndGlobal
